
Microsoft Visual Studio Solution File, Format Version 12.00
# Visual Studio Version 17
VisualStudioVersion = 17.14.36414.22 d17.14
MinimumVisualStudioVersion = 10.0.40219.1
Project("{FAE04EC0-301F-11D3-BF4B-00C04F79EFBC}") = "CCTV-Guard", "CCTV-Guard\CCTV-Guard.csproj", "{FA5BD195-D8A9-4995-9B3D-2561963C5BC8}"
EndProject
Global
	GlobalSection(SolutionConfigurationPlatforms) = preSolution
		Debug|Any CPU = Debug|Any CPU
		Release|Any CPU = Release|Any CPU
	EndGlobalSection
	GlobalSection(ProjectConfigurationPlatforms) = postSolution
		{FA5BD195-D8A9-4995-9B3D-2561963C5BC8}.Debug|Any CPU.ActiveCfg = Debug|Any CPU
		{FA5BD195-D8A9-4995-9B3D-2561963C5BC8}.Debug|Any CPU.Build.0 = Debug|Any CPU
		{FA5BD195-D8A9-4995-9B3D-2561963C5BC8}.Release|Any CPU.ActiveCfg = Release|Any CPU
		{FA5BD195-D8A9-4995-9B3D-2561963C5BC8}.Release|Any CPU.Build.0 = Release|Any CPU
	EndGlobalSection
	GlobalSection(SolutionProperties) = preSolution
		HideSolutionNode = FALSE
	EndGlobalSection
	GlobalSection(ExtensibilityGlobals) = postSolution
		SolutionGuid = {24B48B3A-C771-44E3-B4F2-56D81E4E71A6}
	EndGlobalSection
EndGlobal
